
Microsoft Visual Studio Solution File, Format Version 12.00
Project("{FAE04EC0-301F-11D3-BF4B-00C04F79EFBC}") = "DepartmentManager.Api", "DepartmentManager.Api\DepartmentManager.Api.csproj", "{AD4B21C7-3F94-42DB-93FD-14243769CAF2}"
EndProject
Project("{FAE04EC0-301F-11D3-BF4B-00C04F79EFBC}") = "DepartmentManager.Data", "DepartmentManager.Data\DepartmentManager.Data.csproj", "{E28A6237-C794-412A-A8CD-84C37F1B7F28}"
EndProject
Project("{FAE04EC0-301F-11D3-BF4B-00C04F79EFBC}") = "DepartmentManager.Domain", "DepartmentManager.Domain\DepartmentManager.Domain.csproj", "{01C01CA1-1E06-43BA-BEB5-2ADE8B4DEEC2}"
EndProject
Global
	GlobalSection(SolutionConfigurationPlatforms) = preSolution
		Debug|Any CPU = Debug|Any CPU
		Release|Any CPU = Release|Any CPU
	EndGlobalSection
	GlobalSection(ProjectConfigurationPlatforms) = postSolution
		{AD4B21C7-3F94-42DB-93FD-14243769CAF2}.Debug|Any CPU.ActiveCfg = Debug|Any CPU
		{AD4B21C7-3F94-42DB-93FD-14243769CAF2}.Debug|Any CPU.Build.0 = Debug|Any CPU
		{AD4B21C7-3F94-42DB-93FD-14243769CAF2}.Release|Any CPU.ActiveCfg = Release|Any CPU
		{AD4B21C7-3F94-42DB-93FD-14243769CAF2}.Release|Any CPU.Build.0 = Release|Any CPU
		{E28A6237-C794-412A-A8CD-84C37F1B7F28}.Debug|Any CPU.ActiveCfg = Debug|Any CPU
		{E28A6237-C794-412A-A8CD-84C37F1B7F28}.Debug|Any CPU.Build.0 = Debug|Any CPU
		{E28A6237-C794-412A-A8CD-84C37F1B7F28}.Release|Any CPU.ActiveCfg = Release|Any CPU
		{E28A6237-C794-412A-A8CD-84C37F1B7F28}.Release|Any CPU.Build.0 = Release|Any CPU
		{01C01CA1-1E06-43BA-BEB5-2ADE8B4DEEC2}.Debug|Any CPU.ActiveCfg = Debug|Any CPU
		{01C01CA1-1E06-43BA-BEB5-2ADE8B4DEEC2}.Debug|Any CPU.Build.0 = Debug|Any CPU
		{01C01CA1-1E06-43BA-BEB5-2ADE8B4DEEC2}.Release|Any CPU.ActiveCfg = Release|Any CPU
		{01C01CA1-1E06-43BA-BEB5-2ADE8B4DEEC2}.Release|Any CPU.Build.0 = Release|Any CPU
	EndGlobalSection
EndGlobal
